
Microsoft Visual Studio Solution File, Format Version 12.00
# Blend for Visual Studio Version 17
VisualStudioVersion = 17.14.37111.16
MinimumVisualStudioVersion = 10.0.40219.1
Project("{FAE04EC0-301F-11D3-BF4B-00C04F79EFBC}") = "QuanLyHangHoa", "QuanLyHangHoa.csproj", "{15A7DF52-411E-D953-398B-4A5CDC83981E}"
EndProject
Project("{FAE04EC0-301F-11D3-BF4B-00C04F79EFBC}") = "QuanLyHangHoa.Tests", "..\QuanLyHangHoa.Tests\QuanLyHangHoa.Tests.csproj", "{B17BD1B4-B08F-4FD9-9617-FA1BE289300B}"
EndProject
Project("{FAE04EC0-301F-11D3-BF4B-00C04F79EFBC}") = "WarePro.SetupHelper", "..\WarePro.SetupHelper\WarePro.SetupHelper.csproj", "{0544A6C0-D2F3-4AA4-8F28-E7BA8F57C958}"
EndProject
Project("{FAE04EC0-301F-11D3-BF4B-00C04F79EFBC}") = "WarePro.Core", "..\WarePro.Core\WarePro.Core.csproj", "{24E994A7-9483-4218-8C72-0E7A90E7984D}"
EndProject
Global
	GlobalSection(SolutionConfigurationPlatforms) = preSolution
		Debug|Any CPU = Debug|Any CPU
		Debug|x64 = Debug|x64
		Debug|x86 = Debug|x86
		Release|Any CPU = Release|Any CPU
		Release|x64 = Release|x64
		Release|x86 = Release|x86
	EndGlobalSection
	GlobalSection(ProjectConfigurationPlatforms) = postSolution
		{15A7DF52-411E-D953-398B-4A5CDC83981E}.Debug|Any CPU.ActiveCfg = Debug|Any CPU
		{15A7DF52-411E-D953-398B-4A5CDC83981E}.Debug|Any CPU.Build.0 = Debug|Any CPU
		{15A7DF52-411E-D953-398B-4A5CDC83981E}.Debug|x64.ActiveCfg = Debug|Any CPU
		{15A7DF52-411E-D953-398B-4A5CDC83981E}.Debug|x64.Build.0 = Debug|Any CPU
		{15A7DF52-411E-D953-398B-4A5CDC83981E}.Debug|x86.ActiveCfg = Debug|Any CPU
		{15A7DF52-411E-D953-398B-4A5CDC83981E}.Debug|x86.Build.0 = Debug|Any CPU
		{15A7DF52-411E-D953-398B-4A5CDC83981E}.Release|Any CPU.ActiveCfg = Release|Any CPU
		{15A7DF52-411E-D953-398B-4A5CDC83981E}.Release|Any CPU.Build.0 = Release|Any CPU
		{15A7DF52-411E-D953-398B-4A5CDC83981E}.Release|x64.ActiveCfg = Release|Any CPU
		{15A7DF52-411E-D953-398B-4A5CDC83981E}.Release|x64.Build.0 = Release|Any CPU
		{15A7DF52-411E-D953-398B-4A5CDC83981E}.Release|x86.ActiveCfg = Release|Any CPU
		{15A7DF52-411E-D953-398B-4A5CDC83981E}.Release|x86.Build.0 = Release|Any CPU
		{B17BD1B4-B08F-4FD9-9617-FA1BE289300B}.Debug|Any CPU.ActiveCfg = Debug|Any CPU
		{B17BD1B4-B08F-4FD9-9617-FA1BE289300B}.Debug|Any CPU.Build.0 = Debug|Any CPU
		{B17BD1B4-B08F-4FD9-9617-FA1BE289300B}.Debug|x64.ActiveCfg = Debug|Any CPU
		{B17BD1B4-B08F-4FD9-9617-FA1BE289300B}.Debug|x64.Build.0 = Debug|Any CPU
		{B17BD1B4-B08F-4FD9-9617-FA1BE289300B}.Debug|x86.ActiveCfg = Debug|Any CPU
		{B17BD1B4-B08F-4FD9-9617-FA1BE289300B}.Debug|x86.Build.0 = Debug|Any CPU
		{B17BD1B4-B08F-4FD9-9617-FA1BE289300B}.Release|Any CPU.ActiveCfg = Release|Any CPU
		{B17BD1B4-B08F-4FD9-9617-FA1BE289300B}.Release|Any CPU.Build.0 = Release|Any CPU
		{B17BD1B4-B08F-4FD9-9617-FA1BE289300B}.Release|x64.ActiveCfg = Release|Any CPU
		{B17BD1B4-B08F-4FD9-9617-FA1BE289300B}.Release|x64.Build.0 = Release|Any CPU
		{B17BD1B4-B08F-4FD9-9617-FA1BE289300B}.Release|x86.ActiveCfg = Release|Any CPU
		{B17BD1B4-B08F-4FD9-9617-FA1BE289300B}.Release|x86.Build.0 = Release|Any CPU
		{0544A6C0-D2F3-4AA4-8F28-E7BA8F57C958}.Debug|Any CPU.ActiveCfg = Debug|Any CPU
		{0544A6C0-D2F3-4AA4-8F28-E7BA8F57C958}.Debug|Any CPU.Build.0 = Debug|Any CPU
		{0544A6C0-D2F3-4AA4-8F28-E7BA8F57C958}.Debug|x64.ActiveCfg = Debug|Any CPU
		{0544A6C0-D2F3-4AA4-8F28-E7BA8F57C958}.Debug|x64.Build.0 = Debug|Any CPU
		{0544A6C0-D2F3-4AA4-8F28-E7BA8F57C958}.Debug|x86.ActiveCfg = Debug|Any CPU
		{0544A6C0-D2F3-4AA4-8F28-E7BA8F57C958}.Debug|x86.Build.0 = Debug|Any CPU
		{0544A6C0-D2F3-4AA4-8F28-E7BA8F57C958}.Release|Any CPU.ActiveCfg = Release|Any CPU
		{0544A6C0-D2F3-4AA4-8F28-E7BA8F57C958}.Release|Any CPU.Build.0 = Release|Any CPU
		{0544A6C0-D2F3-4AA4-8F28-E7BA8F57C958}.Release|x64.ActiveCfg = Release|Any CPU
		{0544A6C0-D2F3-4AA4-8F28-E7BA8F57C958}.Release|x64.Build.0 = Release|Any CPU
		{0544A6C0-D2F3-4AA4-8F28-E7BA8F57C958}.Release|x86.ActiveCfg = Release|Any CPU
		{0544A6C0-D2F3-4AA4-8F28-E7BA8F57C958}.Release|x86.Build.0 = Release|Any CPU
		{24E994A7-9483-4218-8C72-0E7A90E7984D}.Debug|Any CPU.ActiveCfg = Debug|Any CPU
		{24E994A7-9483-4218-8C72-0E7A90E7984D}.Debug|Any CPU.Build.0 = Debug|Any CPU
		{24E994A7-9483-4218-8C72-0E7A90E7984D}.Debug|x64.ActiveCfg = Debug|Any CPU
		{24E994A7-9483-4218-8C72-0E7A90E7984D}.Debug|x64.Build.0 = Debug|Any CPU
		{24E994A7-9483-4218-8C72-0E7A90E7984D}.Debug|x86.ActiveCfg = Debug|Any CPU
		{24E994A7-9483-4218-8C72-0E7A90E7984D}.Debug|x86.Build.0 = Debug|Any CPU
		{24E994A7-9483-4218-8C72-0E7A90E7984D}.Release|Any CPU.ActiveCfg = Release|Any CPU
		{24E994A7-9483-4218-8C72-0E7A90E7984D}.Release|Any CPU.Build.0 = Release|Any CPU
		{24E994A7-9483-4218-8C72-0E7A90E7984D}.Release|x64.ActiveCfg = Release|Any CPU
		{24E994A7-9483-4218-8C72-0E7A90E7984D}.Release|x64.Build.0 = Release|Any CPU
		{24E994A7-9483-4218-8C72-0E7A90E7984D}.Release|x86.ActiveCfg = Release|Any CPU
		{24E994A7-9483-4218-8C72-0E7A90E7984D}.Release|x86.Build.0 = Release|Any CPU
	EndGlobalSection
	GlobalSection(SolutionProperties) = preSolution
		HideSolutionNode = FALSE
	EndGlobalSection
	GlobalSection(ExtensibilityGlobals) = postSolution
		SolutionGuid = {DFA65416-990B-4CEA-8036-08C6F01BCD0F}
	EndGlobalSection
EndGlobal
